<?xml version="1.0" encoding="utf-8"?>
<Project ToolsVersion="4.0" xmlns="http://schemas.microsoft.com/developer/msbuild/2003">
  <ItemGroup>
    <Filter Include="Arquivos de Origem">
      <UniqueIdentifier>{4FC737F1-C7A5-4376-A066-2A32D752A2FF}</UniqueIdentifier>
      <Extensions>cpp;c;cc;cxx;c++;cppm;ixx;def;odl;idl;hpj;bat;asm;asmx</Extensions>
    </Filter>
    <Filter Include="src">
      <UniqueIdentifier>{67DA6AB6-F800-4c08-8B7A-83BB121AAD01}</UniqueIdentifier>
      <Extensions>rc;ico;cur;bmp;dlg;rc2;rct;bin;rgs;gif;jpg;jpeg;jpe;resx;tiff;tif;png;wav;mfcribbon-ms</Extensions>
    </Filter>
    <Filter Include="header">
      <UniqueIdentifier>{93995380-89BD-4b04-88EB-625FBE52EBFB}</UniqueIdentifier>
      <Extensions>h;hh;hpp;hxx;h++;hm;inl;inc;ipp;xsd</Extensions>
    </Filter>
    <Filter Include="src\shaders">
      <UniqueIdentifier>{7a2dbc5b-5dc9-4f00-acca-6eb690adcb17}</UniqueIdentifier>
    </Filter>
  </ItemGroup>
  <ItemGroup>
    <ClCompile Include="glad.c">
      <Filter>src</Filter>
    </ClCompile>
    <ClCompile Include="main.cpp">
      <Filter>src</Filter>
    </ClCompile>
    <ClCompile Include="Libraries\lib\stb.cpp">
      <Filter>src</Filter>
    </ClCompile>
  </ItemGroup>
  <ItemGroup>
    <ClInclude Include="shader.h">
      <Filter>header</Filter>
    </ClInclude>
    <ClInclude Include="Libraries\include\stb_image.h">
      <Filter>header</Filter>
    </ClInclude>
    <ClInclude Include="camera.h">
      <Filter>header</Filter>
    </ClInclude>
    <ClInclude Include="mesh.h">
      <Filter>header</Filter>
    </ClInclude>
    <ClInclude Include="model.h">
      <Filter>header</Filter>
    </ClInclude>
  </ItemGroup>
  <ItemGroup>
    <None Include="assets\shaders\fragment_shader.glsl">
      <Filter>src\shaders</Filter>
    </None>
    <None Include="assets\shaders\vertex_shader.glsl">
      <Filter>src\shaders</Filter>
    </None>
    <None Include="assets\shaders\light_fragment.glsl">
      <Filter>src\shaders</Filter>
    </None>
    <None Include="assets\shaders\light_vertex.glsl">
      <Filter>src\shaders</Filter>
    </None>
  </ItemGroup>
  <ItemGroup>
    <Text Include="outline_fragment.glsl">
      <Filter>src\shaders</Filter>
    </Text>
  </ItemGroup>
</Project>